// !$*UTF8*$!
{
	archiveVersion = 1;
	classes = {
	};
	objectVersion = 46;
	objects = {

/* Begin PBXBuildFile section */
		198FB8471DBC0D44004CF4CF /* AppDelegate.swift in Sources */ = {isa = PBXBuildFile; fileRef = 198FB8461DBC0D44004CF4CF /* AppDelegate.swift */; };
		198FB8491DBC0D44004CF4CF /* MathVC.swift in Sources */ = {isa = PBXBuildFile; fileRef = 198FB8481DBC0D44004CF4CF /* MathVC.swift */; };
		198FB84C1DBC0D44004CF4CF /* Main.storyboard in Resources */ = {isa = PBXBuildFile; fileRef = 198FB84A1DBC0D44004CF4CF /* Main.storyboard */; };
		198FB84E1DBC0D44004CF4CF /* Assets.xcassets in Resources */ = {isa = PBXBuildFile; fileRef = 198FB84D1DBC0D44004CF4CF /* Assets.xcassets */; };
		198FB8511DBC0D44004CF4CF /* LaunchScreen.storyboard in Resources */ = {isa = PBXBuildFile; fileRef = 198FB84F1DBC0D44004CF4CF /* LaunchScreen.storyboard */; };
		199EAA4E1DE22DC500371C4D /* Math.swift in Sources */ = {isa = PBXBuildFile; fileRef = 199EAA4D1DE22DC500371C4D /* Math.swift */; };
		19DEF7611DC061C000C60C23 /* HomeVC.swift in Sources */ = {isa = PBXBuildFile; fileRef = 19DEF7601DC061C000C60C23 /* HomeVC.swift */; };
		19DFFF9A1DC977F900C9689E /* ResourceInfo in Resources */ = {isa = PBXBuildFile; fileRef = 19DFFF991DC977F900C9689E /* ResourceInfo */; };
		19DFFF9C1DC982C700C9689E /* Minercraftory.ttf in Resources */ = {isa = PBXBuildFile; fileRef = 19DFFF9B1DC982C700C9689E /* Minercraftory.ttf */; };
		19DFFF9E1DC98CFE00C9689E /* dirty.png in Resources */ = {isa = PBXBuildFile; fileRef = 19DFFF9D1DC98CFE00C9689E /* dirty.png */; };
		19DFFFA11DC9902D00C9689E /* BlockyMathFactsScreen.png in Resources */ = {isa = PBXBuildFile; fileRef = 19DFFFA01DC9902D00C9689E /* BlockyMathFactsScreen.png */; };
		19DFFFA51DC9AAD100C9689E /* Math-Craft.png in Resources */ = {isa = PBXBuildFile; fileRef = 19DFFFA41DC9AAD100C9689E /* Math-Craft.png */; };
		19DFFFA71DC9AC2D00C9689E /* Math-Craft (2).png in Resources */ = {isa = PBXBuildFile; fileRef = 19DFFFA61DC9AC2D00C9689E /* Math-Craft (2).png */; };
/* End PBXBuildFile section */

/* Begin PBXFileReference section */
		198FB8431DBC0D44004CF4CF /* Math Facts.app */ = {isa = PBXFileReference; explicitFileType = wrapper.application; includeInIndex = 0; path = "Math Facts.app"; sourceTree = BUILT_PRODUCTS_DIR; };
		198FB8461DBC0D44004CF4CF /* AppDelegate.swift */ = {isa = PBXFileReference; lastKnownFileType = sourcecode.swift; path = AppDelegate.swift; sourceTree = "<group>"; };
		198FB8481DBC0D44004CF4CF /* MathVC.swift */ = {isa = PBXFileReference; lastKnownFileType = sourcecode.swift; path = MathVC.swift; sourceTree = "<group>"; };
		198FB84B1DBC0D44004CF4CF /* Base */ = {isa = PBXFileReference; lastKnownFileType = file.storyboard; name = Base; path = Base.lproj/Main.storyboard; sourceTree = "<group>"; };
		198FB84D1DBC0D44004CF4CF /* Assets.xcassets */ = {isa = PBXFileReference; lastKnownFileType = folder.assetcatalog; path = Assets.xcassets; sourceTree = "<group>"; };
		198FB8501DBC0D44004CF4CF /* Base */ = {isa = PBXFileReference; lastKnownFileType = file.storyboard; name = Base; path = Base.lproj/LaunchScreen.storyboard; sourceTree = "<group>"; };
		198FB8521DBC0D44004CF4CF /* Info.plist */ = {isa = PBXFileReference; lastKnownFileType = text.plist.xml; path = Info.plist; sourceTree = "<group>"; };
		199EAA4D1DE22DC500371C4D /* Math.swift */ = {isa = PBXFileReference; fileEncoding = 4; lastKnownFileType = sourcecode.swift; path = Math.swift; sourceTree = "<group>"; };
		19DEF7601DC061C000C60C23 /* HomeVC.swift */ = {isa = PBXFileReference; fileEncoding = 4; lastKnownFileType = sourcecode.swift; path = HomeVC.swift; sourceTree = "<group>"; };
		19DFFF991DC977F900C9689E /* ResourceInfo */ = {isa = PBXFileReference; fileEncoding = 4; lastKnownFileType = text; path = ResourceInfo; sourceTree = "<group>"; };
		19DFFF9B1DC982C700C9689E /* Minercraftory.ttf */ = {isa = PBXFileReference; lastKnownFileType = file; path = Minercraftory.ttf; sourceTree = "<group>"; };
		19DFFF9D1DC98CFE00C9689E /* dirty.png */ = {isa = PBXFileReference; lastKnownFileType = image.png; path = dirty.png; sourceTree = "<group>"; };
		19DFFFA01DC9902D00C9689E /* BlockyMathFactsScreen.png */ = {isa = PBXFileReference; lastKnownFileType = image.png; path = BlockyMathFactsScreen.png; sourceTree = "<group>"; };
		19DFFFA41DC9AAD100C9689E /* Math-Craft.png */ = {isa = PBXFileReference; lastKnownFileType = image.png; path = "Math-Craft.png"; sourceTree = "<group>"; };
		19DFFFA61DC9AC2D00C9689E /* Math-Craft (2).png */ = {isa = PBXFileReference; lastKnownFileType = image.png; path = "Math-Craft (2).png"; sourceTree = "<group>"; };
/* End PBXFileReference section */

/* Begin PBXFrameworksBuildPhase section */
		198FB8401DBC0D44004CF4CF /* Frameworks */ = {
			isa = PBXFrameworksBuildPhase;
			buildActionMask = 2147483647;
			files = (
			);
			runOnlyForDeploymentPostprocessing = 0;
		};
/* End PBXFrameworksBuildPhase section */

/* Begin PBXGroup section */
		198FB83A1DBC0D44004CF4CF = {
			isa = PBXGroup;
			children = (
				198FB8451DBC0D44004CF4CF /* Math Facts */,
				198FB8441DBC0D44004CF4CF /* Products */,
				E5CF6AA00FFAA5D4B3550C91 /* Frameworks */,
				74F18A5E98B49298613F9C24 /* Pods */,
			);
			sourceTree = "<group>";
			usesTabs = 1;
		};
		198FB8441DBC0D44004CF4CF /* Products */ = {
			isa = PBXGroup;
			children = (
				198FB8431DBC0D44004CF4CF /* Math Facts.app */,
			);
			name = Products;
			sourceTree = "<group>";
		};
		198FB8451DBC0D44004CF4CF /* Math Facts */ = {
			isa = PBXGroup;
			children = (
				199EAA4F1DE2303100371C4D /* Model */,
				199EAA4C1DE22D8900371C4D /* Controller */,
				19DFFF9F1DC98FF600C9689E /* Resources */,
				198FB8461DBC0D44004CF4CF /* AppDelegate.swift */,
				198FB84A1DBC0D44004CF4CF /* Main.storyboard */,
				198FB84D1DBC0D44004CF4CF /* Assets.xcassets */,
				198FB84F1DBC0D44004CF4CF /* LaunchScreen.storyboard */,
				198FB8521DBC0D44004CF4CF /* Info.plist */,
			);
			path = "Math Facts";
			sourceTree = "<group>";
		};
		199EAA4C1DE22D8900371C4D /* Controller */ = {
			isa = PBXGroup;
			children = (
				198FB8481DBC0D44004CF4CF /* MathVC.swift */,
				19DEF7601DC061C000C60C23 /* HomeVC.swift */,
			);
			name = Controller;
			sourceTree = "<group>";
		};
		199EAA4F1DE2303100371C4D /* Model */ = {
			isa = PBXGroup;
			children = (
				199EAA4D1DE22DC500371C4D /* Math.swift */,
			);
			name = Model;
			sourceTree = "<group>";
		};
		19DFFF9F1DC98FF600C9689E /* Resources */ = {
			isa = PBXGroup;
			children = (
				19DFFF9B1DC982C700C9689E /* Minercraftory.ttf */,
				19DFFFA61DC9AC2D00C9689E /* Math-Craft (2).png */,
				19DFFFA41DC9AAD100C9689E /* Math-Craft.png */,
				19DFFF991DC977F900C9689E /* ResourceInfo */,
				19DFFFA01DC9902D00C9689E /* BlockyMathFactsScreen.png */,
				19DFFF9D1DC98CFE00C9689E /* dirty.png */,
			);
			name = Resources;
			sourceTree = "<group>";
		};
		74F18A5E98B49298613F9C24 /* Pods */ = {
			isa = PBXGroup;
			children = (
			);
			name = Pods;
			sourceTree = "<group>";
		};
		E5CF6AA00FFAA5D4B3550C91 /* Frameworks */ = {
			isa = PBXGroup;
			children = (
			);
			name = Frameworks;
			sourceTree = "<group>";
		};
/* End PBXGroup section */

/* Begin PBXNativeTarget section */
		198FB8421DBC0D44004CF4CF /* Math Facts */ = {
			isa = PBXNativeTarget;
			buildConfigurationList = 198FB8551DBC0D44004CF4CF /* Build configuration list for PBXNativeTarget "Math Facts" */;
			buildPhases = (
				198FB83F1DBC0D44004CF4CF /* Sources */,
				198FB8401DBC0D44004CF4CF /* Frameworks */,
				198FB8411DBC0D44004CF4CF /* Resources */,
			);
			buildRules = (
			);
			dependencies = (
			);
			name = "Math Facts";
			productName = "Math Facts";
			productReference = 198FB8431DBC0D44004CF4CF /* Math Facts.app */;
			productType = "com.apple.product-type.application";
		};
/* End PBXNativeTarget section */

/* Begin PBXProject section */
		198FB83B1DBC0D44004CF4CF /* Project object */ = {
			isa = PBXProject;
			attributes = {
				LastSwiftUpdateCheck = 0800;
				LastUpgradeCheck = 0820;
				ORGANIZATIONNAME = "Jason Myers";
				TargetAttributes = {
					198FB8421DBC0D44004CF4CF = {
						CreatedOnToolsVersion = 8.0;
						DevelopmentTeam = M2WWQ5AJ25;
						ProvisioningStyle = Automatic;
					};
				};
			};
			buildConfigurationList = 198FB83E1DBC0D44004CF4CF /* Build configuration list for PBXProject "Math Facts" */;
			compatibilityVersion = "Xcode 3.2";
			developmentRegion = English;
			hasScannedForEncodings = 0;
			knownRegions = (
				en,
				Base,
			);
			mainGroup = 198FB83A1DBC0D44004CF4CF;
			productRefGroup = 198FB8441DBC0D44004CF4CF /* Products */;
			projectDirPath = "";
			projectRoot = "";
			targets = (
				198FB8421DBC0D44004CF4CF /* Math Facts */,
			);
		};
/* End PBXProject section */

/* Begin PBXResourcesBuildPhase section */
		198FB8411DBC0D44004CF4CF /* Resources */ = {
			isa = PBXResourcesBuildPhase;
			buildActionMask = 2147483647;
			files = (
				19DFFFA11DC9902D00C9689E /* BlockyMathFactsScreen.png in Resources */,
				19DFFF9C1DC982C700C9689E /* Minercraftory.ttf in Resources */,
				19DFFFA71DC9AC2D00C9689E /* Math-Craft (2).png in Resources */,
				19DFFF9E1DC98CFE00C9689E /* dirty.png in Resources */,
				198FB8511DBC0D44004CF4CF /* LaunchScreen.storyboard in Resources */,
				198FB84E1DBC0D44004CF4CF /* Assets.xcassets in Resources */,
				198FB84C1DBC0D44004CF4CF /* Main.storyboard in Resources */,
				19DFFFA51DC9AAD100C9689E /* Math-Craft.png in Resources */,
				19DFFF9A1DC977F900C9689E /* ResourceInfo in Resources */,
			);
			runOnlyForDeploymentPostprocessing = 0;
		};
/* End PBXResourcesBuildPhase section */

/* Begin PBXSourcesBuildPhase section */
		198FB83F1DBC0D44004CF4CF /* Sources */ = {
			isa = PBXSourcesBuildPhase;
			buildActionMask = 2147483647;
			files = (
				198FB8491DBC0D44004CF4CF /* MathVC.swift in Sources */,
				198FB8471DBC0D44004CF4CF /* AppDelegate.swift in Sources */,
				19DEF7611DC061C000C60C23 /* HomeVC.swift in Sources */,
				199EAA4E1DE22DC500371C4D /* Math.swift in Sources */,
			);
			runOnlyForDeploymentPostprocessing = 0;
		};
/* End PBXSourcesBuildPhase section */

/* Begin PBXVariantGroup section */
		198FB84A1DBC0D44004CF4CF /* Main.storyboard */ = {
			isa = PBXVariantGroup;
			children = (
				198FB84B1DBC0D44004CF4CF /* Base */,
			);
			name = Main.storyboard;
			sourceTree = "<group>";
		};
		198FB84F1DBC0D44004CF4CF /* LaunchScreen.storyboard */ = {
			isa = PBXVariantGroup;
			children = (
				198FB8501DBC0D44004CF4CF /* Base */,
			);
			name = LaunchScreen.storyboard;
			sourceTree = "<group>";
		};
/* End PBXVariantGroup section */

/* Begin XCBuildConfiguration section */
		198FB8531DBC0D44004CF4CF /* Debug */ = {
			isa = XCBuildConfiguration;
			buildSettings = {
				ALWAYS_SEARCH_USER_PATHS = NO;
				CLANG_ANALYZER_NONNULL = YES;
				CLANG_CXX_LANGUAGE_STANDARD = "gnu++0x";
				CLANG_CXX_LIBRARY = "libc++";
				CLANG_ENABLE_MODULES = YES;
				CLANG_ENABLE_OBJC_ARC = YES;
				CLANG_WARN_BOOL_CONVERSION = YES;
				CLANG_WARN_CONSTANT_CONVERSION = YES;
				CLANG_WARN_DIRECT_OBJC_ISA_USAGE = YES_ERROR;
				CLANG_WARN_DOCUMENTATION_COMMENTS = YES;
				CLANG_WARN_EMPTY_BODY = YES;
				CLANG_WARN_ENUM_CONVERSION = YES;
				CLANG_WARN_INFINITE_RECURSION = YES;
				CLANG_WARN_INT_CONVERSION = YES;
				CLANG_WARN_OBJC_ROOT_CLASS = YES_ERROR;
				CLANG_WARN_SUSPICIOUS_MOVE = YES;
				CLANG_WARN_SUSPICIOUS_MOVES = YES;
				CLANG_WARN_UNREACHABLE_CODE = YES;
				CLANG_WARN__DUPLICATE_METHOD_MATCH = YES;
				"CODE_SIGN_IDENTITY[sdk=iphoneos*]" = "iPhone Developer";
				COPY_PHASE_STRIP = NO;
				DEBUG_INFORMATION_FORMAT = dwarf;
				ENABLE_STRICT_OBJC_MSGSEND = YES;
				ENABLE_TESTABILITY = YES;
				GCC_C_LANGUAGE_STANDARD = gnu99;
				GCC_DYNAMIC_NO_PIC = NO;
				GCC_NO_COMMON_BLOCKS = YES;
				GCC_OPTIMIZATION_LEVEL = 0;
				GCC_PREPROCESSOR_DEFINITIONS = (
					"DEBUG=1",
					"$(inherited)",
				);
				GCC_WARN_64_TO_32_BIT_CONVERSION = YES;
				GCC_WARN_ABOUT_RETURN_TYPE = YES_ERROR;
				GCC_WARN_UNDECLARED_SELECTOR = YES;
				GCC_WARN_UNINITIALIZED_AUTOS = YES_AGGRESSIVE;
				GCC_WARN_UNUSED_FUNCTION = YES;
				GCC_WARN_UNUSED_VARIABLE = YES;
				IPHONEOS_DEPLOYMENT_TARGET = 10.0;
				MTL_ENABLE_DEBUG_INFO = YES;
				ONLY_ACTIVE_ARCH = YES;
				SDKROOT = iphoneos;
				SWIFT_ACTIVE_COMPILATION_CONDITIONS = DEBUG;
				SWIFT_OPTIMIZATION_LEVEL = "-Onone";
			};
			name = Debug;
		};
		198FB8541DBC0D44004CF4CF /* Release */ = {
			isa = XCBuildConfiguration;
			buildSettings = {
				ALWAYS_SEARCH_USER_PATHS = NO;
				CLANG_ANALYZER_NONNULL = YES;
				CLANG_CXX_LANGUAGE_STANDARD = "gnu++0x";
				CLANG_CXX_LIBRARY = "libc++";
				CLANG_ENABLE_MODULES = YES;
				CLANG_ENABLE_OBJC_ARC = YES;
				CLANG_WARN_BOOL_CONVERSION = YES;
				CLANG_WARN_CONSTANT_CONVERSION = YES;
				CLANG_WARN_DIRECT_OBJC_ISA_USAGE = YES_ERROR;
				CLANG_WARN_DOCUMENTATION_COMMENTS = YES;
				CLANG_WARN_EMPTY_BODY = YES;
				CLANG_WARN_ENUM_CONVERSION = YES;
				CLANG_WARN_INFINITE_RECURSION = YES;
				CLANG_WARN_INT_CONVERSION = YES;
				CLANG_WARN_OBJC_ROOT_CLASS = YES_ERROR;
				CLANG_WARN_SUSPICIOUS_MOVE = YES;
				CLANG_WARN_SUSPICIOUS_MOVES = YES;
				CLANG_WARN_UNREACHABLE_CODE = YES;
				CLANG_WARN__DUPLICATE_METHOD_MATCH = YES;
				"CODE_SIGN_IDENTITY[sdk=iphoneos*]" = "iPhone Developer";
				COPY_PHASE_STRIP = NO;
				DEBUG_INFORMATION_FORMAT = "dwarf-with-dsym";
				ENABLE_NS_ASSERTIONS = NO;
				ENABLE_STRICT_OBJC_MSGSEND = YES;
				GCC_C_LANGUAGE_STANDARD = gnu99;
				GCC_NO_COMMON_BLOCKS = YES;
				GCC_WARN_64_TO_32_BIT_CONVERSION = YES;
				GCC_WARN_ABOUT_RETURN_TYPE = YES_ERROR;
				GCC_WARN_UNDECLARED_SELECTOR = YES;
				GCC_WARN_UNINITIALIZED_AUTOS = YES_AGGRESSIVE;
				GCC_WARN_UNUSED_FUNCTION = YES;
				GCC_WARN_UNUSED_VARIABLE = YES;
				IPHONEOS_DEPLOYMENT_TARGET = 10.0;
				MTL_ENABLE_DEBUG_INFO = NO;
				SDKROOT = iphoneos;
				SWIFT_OPTIMIZATION_LEVEL = "-Owholemodule";
				VALIDATE_PRODUCT = YES;
			};
			name = Release;
		};
		198FB8561DBC0D44004CF4CF /* Debug */ = {
			isa = XCBuildConfiguration;
			buildSettings = {
				ASSETCATALOG_COMPILER_APPICON_NAME = AppIcon;
				DEVELOPMENT_TEAM = M2WWQ5AJ25;
				INFOPLIST_FILE = "Math Facts/Info.plist";
				IPHONEOS_DEPLOYMENT_TARGET = 9.3;
				LD_RUNPATH_SEARCH_PATHS = "$(inherited) @executable_path/Frameworks";
				PRODUCT_BUNDLE_IDENTIFIER = "com.Jason.Math-Facts";
				PRODUCT_NAME = "$(TARGET_NAME)";
				SWIFT_VERSION = 3.0;
				TARGETED_DEVICE_FAMILY = 2;
			};
			name = Debug;
		};
		198FB8571DBC0D44004CF4CF /* Release */ = {
			isa = XCBuildConfiguration;
			buildSettings = {
				ASSETCATALOG_COMPILER_APPICON_NAME = AppIcon;
				DEVELOPMENT_TEAM = M2WWQ5AJ25;
				INFOPLIST_FILE = "Math Facts/Info.plist";
				IPHONEOS_DEPLOYMENT_TARGET = 9.3;
				LD_RUNPATH_SEARCH_PATHS = "$(inherited) @executable_path/Frameworks";
				PRODUCT_BUNDLE_IDENTIFIER = "com.Jason.Math-Facts";
				PRODUCT_NAME = "$(TARGET_NAME)";
				SWIFT_VERSION = 3.0;
				TARGETED_DEVICE_FAMILY = 2;
			};
			name = Release;
		};
/* End XCBuildConfiguration section */

/* Begin XCConfigurationList section */
		198FB83E1DBC0D44004CF4CF /* Build configuration list for PBXProject "Math Facts" */ = {
			isa = XCConfigurationList;
			buildConfigurations = (
				198FB8531DBC0D44004CF4CF /* Debug */,
				198FB8541DBC0D44004CF4CF /* Release */,
			);
			defaultConfigurationIsVisible = 0;
			defaultConfigurationName = Release;
		};
		198FB8551DBC0D44004CF4CF /* Build configuration list for PBXNativeTarget "Math Facts" */ = {
			isa = XCConfigurationList;
			buildConfigurations = (
				198FB8561DBC0D44004CF4CF /* Debug */,
				198FB8571DBC0D44004CF4CF /* Release */,
			);
			defaultConfigurationIsVisible = 0;
			defaultConfigurationName = Release;
		};
/* End XCConfigurationList section */
	};
	rootObject = 198FB83B1DBC0D44004CF4CF /* Project object */;
}
